// !$*UTF8*$!
{
	archiveVersion = 1;
	classes = {
	};
	objectVersion = 46;
	objects = {

/* Begin PBXFileReference section */
		030629841C7E4B0900E5068F /* hasharrays.playground */ = {isa = PBXFileReference; lastKnownFileType = file.playground; path = hasharrays.playground; sourceTree = "<group>"; };
		030629861C7E5B6600E5068F /* Intcluster.playground */ = {isa = PBXFileReference; lastKnownFileType = file.playground; path = Intcluster.playground; sourceTree = "<group>"; };
		030629871C7E5F1000E5068F /* generators.playground */ = {isa = PBXFileReference; lastKnownFileType = file.playground; path = generators.playground; sourceTree = "<group>"; };
		0333F1ED1C7D5763006CF88A /* NumberStruct.playground */ = {isa = PBXFileReference; lastKnownFileType = file.playground; path = NumberStruct.playground; sourceTree = "<group>"; };
		0333F1EE1C7D7236006CF88A /* BinaryNumber.playground */ = {isa = PBXFileReference; lastKnownFileType = file.playground; path = BinaryNumber.playground; sourceTree = "<group>"; };
		0333F1F01C7D7C9E006CF88A /* Links.playground */ = {isa = PBXFileReference; lastKnownFileType = file.playground; path = Links.playground; sourceTree = "<group>"; };
		03B748711C7904DB00A2B906 /* setplayground.playground */ = {isa = PBXFileReference; lastKnownFileType = file.playground; path = setplayground.playground; sourceTree = "<group>"; };
		03B748731C7928B000A2B906 /* Summation.playground */ = {isa = PBXFileReference; lastKnownFileType = file.playground; path = Summation.playground; sourceTree = "<group>"; };
		03B748751C792E3100A2B906 /* Structinit.playground */ = {isa = PBXFileReference; lastKnownFileType = file.playground; path = Structinit.playground; sourceTree = "<group>"; };
		03B748761C793DA500A2B906 /* intmachine.playground */ = {isa = PBXFileReference; lastKnownFileType = file.playground; path = intmachine.playground; sourceTree = "<group>"; };
		03B748911C7D001300A2B906 /* Convertnubmertostring.playground */ = {isa = PBXFileReference; lastKnownFileType = file.playground; path = Convertnubmertostring.playground; sourceTree = "<group>"; };
/* End PBXFileReference section */

/* Begin PBXGroup section */
		030629851C7E5B0800E5068F /* Clusters */ = {
			isa = PBXGroup;
			children = (
				030629861C7E5B6600E5068F /* Intcluster.playground */,
				030629871C7E5F1000E5068F /* generators.playground */,
			);
			name = Clusters;
			sourceTree = "<group>";
		};
		0333F1EF1C7D7C8E006CF88A /* Ordering */ = {
			isa = PBXGroup;
			children = (
				0333F1F01C7D7C9E006CF88A /* Links.playground */,
			);
			name = Ordering;
			sourceTree = "<group>";
		};
		03B748691C78ECCD00A2B906 = {
			isa = PBXGroup;
			children = (
				030629851C7E5B0800E5068F /* Clusters */,
				0333F1EF1C7D7C8E006CF88A /* Ordering */,
				03B748901C7CFFF200A2B906 /* Numbering */,
				03B748741C792E1D00A2B906 /* Structs */,
				03B748721C79289B00A2B906 /* Arrays */,
				03B748711C7904DB00A2B906 /* setplayground.playground */,
			);
			sourceTree = "<group>";
		};
		03B748721C79289B00A2B906 /* Arrays */ = {
			isa = PBXGroup;
			children = (
				03B748731C7928B000A2B906 /* Summation.playground */,
				030629841C7E4B0900E5068F /* hasharrays.playground */,
			);
			name = Arrays;
			sourceTree = "<group>";
		};
		03B748741C792E1D00A2B906 /* Structs */ = {
			isa = PBXGroup;
			children = (
				03B748751C792E3100A2B906 /* Structinit.playground */,
				03B748761C793DA500A2B906 /* intmachine.playground */,
				0333F1ED1C7D5763006CF88A /* NumberStruct.playground */,
				0333F1EE1C7D7236006CF88A /* BinaryNumber.playground */,
			);
			name = Structs;
			sourceTree = "<group>";
		};
		03B748901C7CFFF200A2B906 /* Numbering */ = {
			isa = PBXGroup;
			children = (
				03B748911C7D001300A2B906 /* Convertnubmertostring.playground */,
			);
			name = Numbering;
			sourceTree = "<group>";
		};
/* End PBXGroup section */

/* Begin PBXProject section */
		03B7486A1C78ECCD00A2B906 /* Project object */ = {
			isa = PBXProject;
			attributes = {
				LastUpgradeCheck = 0720;
			};
			buildConfigurationList = 03B7486D1C78ECCD00A2B906 /* Build configuration list for PBXProject "Swift_Scripts" */;
			compatibilityVersion = "Xcode 3.2";
			developmentRegion = English;
			hasScannedForEncodings = 0;
			knownRegions = (
				en,
			);
			mainGroup = 03B748691C78ECCD00A2B906;
			projectDirPath = "";
			projectRoot = "";
			targets = (
			);
		};
/* End PBXProject section */

/* Begin XCBuildConfiguration section */
		03B7486E1C78ECCD00A2B906 /* Debug */ = {
			isa = XCBuildConfiguration;
			buildSettings = {
			};
			name = Debug;
		};
		03B7486F1C78ECCD00A2B906 /* Release */ = {
			isa = XCBuildConfiguration;
			buildSettings = {
			};
			name = Release;
		};
/* End XCBuildConfiguration section */

/* Begin XCConfigurationList section */
		03B7486D1C78ECCD00A2B906 /* Build configuration list for PBXProject "Swift_Scripts" */ = {
			isa = XCConfigurationList;
			buildConfigurations = (
				03B7486E1C78ECCD00A2B906 /* Debug */,
				03B7486F1C78ECCD00A2B906 /* Release */,
			);
			defaultConfigurationIsVisible = 0;
			defaultConfigurationName = Release;
		};
/* End XCConfigurationList section */
	};
	rootObject = 03B7486A1C78ECCD00A2B906 /* Project object */;
}
